
Microsoft Visual Studio Solution File, Format Version 12.00
# Visual Studio 14
VisualStudioVersion = 14.0.25420.1
MinimumVisualStudioVersion = 10.0.40219.1
Project("{2150E333-8FDC-42A3-9474-1A3956D46DE8}") = "src", "src", "{3820200F-354C-41E6-8F34-B301F5D621C2}"
EndProject
Project("{2150E333-8FDC-42A3-9474-1A3956D46DE8}") = "Solution Items", "Solution Items", "{4780CECA-2B6F-4F79-97C5-D1B483CFC881}"
	ProjectSection(SolutionItems) = preProject
		.travis.yml = .travis.yml
		build.sh = build.sh
		global.json = global.json
		README.md = README.md
	EndProjectSection
EndProject
Project("{8BB2217D-0F2D-49D1-97BC-3654ED321F3B}") = "BehavioralPatterns", "src\BehavioralPatterns\BehavioralPatterns.xproj", "{E3092EE0-1282-4AB4-9FA2-0338348D8FD1}"
EndProject
Project("{8BB2217D-0F2D-49D1-97BC-3654ED321F3B}") = "ChainOfResponssibility", "src\ChainOfResponssibility\ChainOfResponssibility.xproj", "{89536824-683F-4351-8789-406D7BDD922D}"
EndProject
Project("{8BB2217D-0F2D-49D1-97BC-3654ED321F3B}") = "CommandPattern", "src\CommandPattern\CommandPattern.xproj", "{454B2A43-8251-4667-8DE3-67E489908DB9}"
EndProject
Project("{8BB2217D-0F2D-49D1-97BC-3654ED321F3B}") = "IteratorPattern", "src\IteratorPattern\IteratorPattern.xproj", "{6F3B7F9A-4D9C-4506-A5F7-3FF5CF4376BD}"
EndProject
Project("{8BB2217D-0F2D-49D1-97BC-3654ED321F3B}") = "MediatorPattern", "src\MediatorPattern\MediatorPattern.xproj", "{2A63BD0A-9D07-4755-9B16-5DDBEB075B80}"
EndProject
Project("{8BB2217D-0F2D-49D1-97BC-3654ED321F3B}") = "MememntoPattern", "src\MememntoPattern\MememntoPattern.xproj", "{1DE3FDD3-D025-49D8-BEF4-D5F0688F89E8}"
EndProject
Project("{8BB2217D-0F2D-49D1-97BC-3654ED321F3B}") = "ObserverPattern", "src\ObserverPattern\ObserverPattern.xproj", "{D48DB558-0228-4ACE-88A8-A202E5C57849}"
EndProject
Project("{8BB2217D-0F2D-49D1-97BC-3654ED321F3B}") = "StatePattern", "src\StatePattern\StatePattern.xproj", "{0B5B470D-45A4-4F6B-8DAD-D0116C40B6FB}"
EndProject
Project("{8BB2217D-0F2D-49D1-97BC-3654ED321F3B}") = "StrategyPattern", "src\StrategyPattern\StrategyPattern.xproj", "{01B9D869-AF89-4919-8445-79206848FB5F}"
EndProject
Project("{8BB2217D-0F2D-49D1-97BC-3654ED321F3B}") = "TemplatePattern", "src\TemplatePattern\TemplatePattern.xproj", "{E657BF85-C23A-46DE-B837-6939D51C3321}"
EndProject
Project("{8BB2217D-0F2D-49D1-97BC-3654ED321F3B}") = "VisitorPattern", "src\VisitorPattern\VisitorPattern.xproj", "{CDDB889F-3038-4796-95B1-47E1834DA93D}"
EndProject
Global
	GlobalSection(SolutionConfigurationPlatforms) = preSolution
		Debug|Any CPU = Debug|Any CPU
		Release|Any CPU = Release|Any CPU
	EndGlobalSection
	GlobalSection(ProjectConfigurationPlatforms) = postSolution
		{E3092EE0-1282-4AB4-9FA2-0338348D8FD1}.Debug|Any CPU.ActiveCfg = Debug|Any CPU
		{E3092EE0-1282-4AB4-9FA2-0338348D8FD1}.Debug|Any CPU.Build.0 = Debug|Any CPU
		{E3092EE0-1282-4AB4-9FA2-0338348D8FD1}.Release|Any CPU.ActiveCfg = Release|Any CPU
		{E3092EE0-1282-4AB4-9FA2-0338348D8FD1}.Release|Any CPU.Build.0 = Release|Any CPU
		{89536824-683F-4351-8789-406D7BDD922D}.Debug|Any CPU.ActiveCfg = Debug|Any CPU
		{89536824-683F-4351-8789-406D7BDD922D}.Debug|Any CPU.Build.0 = Debug|Any CPU
		{89536824-683F-4351-8789-406D7BDD922D}.Release|Any CPU.ActiveCfg = Release|Any CPU
		{89536824-683F-4351-8789-406D7BDD922D}.Release|Any CPU.Build.0 = Release|Any CPU
		{454B2A43-8251-4667-8DE3-67E489908DB9}.Debug|Any CPU.ActiveCfg = Debug|Any CPU
		{454B2A43-8251-4667-8DE3-67E489908DB9}.Debug|Any CPU.Build.0 = Debug|Any CPU
		{454B2A43-8251-4667-8DE3-67E489908DB9}.Release|Any CPU.ActiveCfg = Release|Any CPU
		{454B2A43-8251-4667-8DE3-67E489908DB9}.Release|Any CPU.Build.0 = Release|Any CPU
		{6F3B7F9A-4D9C-4506-A5F7-3FF5CF4376BD}.Debug|Any CPU.ActiveCfg = Debug|Any CPU
		{6F3B7F9A-4D9C-4506-A5F7-3FF5CF4376BD}.Debug|Any CPU.Build.0 = Debug|Any CPU
		{6F3B7F9A-4D9C-4506-A5F7-3FF5CF4376BD}.Release|Any CPU.ActiveCfg = Release|Any CPU
		{6F3B7F9A-4D9C-4506-A5F7-3FF5CF4376BD}.Release|Any CPU.Build.0 = Release|Any CPU
		{2A63BD0A-9D07-4755-9B16-5DDBEB075B80}.Debug|Any CPU.ActiveCfg = Debug|Any CPU
		{2A63BD0A-9D07-4755-9B16-5DDBEB075B80}.Debug|Any CPU.Build.0 = Debug|Any CPU
		{2A63BD0A-9D07-4755-9B16-5DDBEB075B80}.Release|Any CPU.ActiveCfg = Release|Any CPU
		{2A63BD0A-9D07-4755-9B16-5DDBEB075B80}.Release|Any CPU.Build.0 = Release|Any CPU
		{1DE3FDD3-D025-49D8-BEF4-D5F0688F89E8}.Debug|Any CPU.ActiveCfg = Debug|Any CPU
		{1DE3FDD3-D025-49D8-BEF4-D5F0688F89E8}.Debug|Any CPU.Build.0 = Debug|Any CPU
		{1DE3FDD3-D025-49D8-BEF4-D5F0688F89E8}.Release|Any CPU.ActiveCfg = Release|Any CPU
		{1DE3FDD3-D025-49D8-BEF4-D5F0688F89E8}.Release|Any CPU.Build.0 = Release|Any CPU
		{D48DB558-0228-4ACE-88A8-A202E5C57849}.Debug|Any CPU.ActiveCfg = Debug|Any CPU
		{D48DB558-0228-4ACE-88A8-A202E5C57849}.Debug|Any CPU.Build.0 = Debug|Any CPU
		{D48DB558-0228-4ACE-88A8-A202E5C57849}.Release|Any CPU.ActiveCfg = Release|Any CPU
		{D48DB558-0228-4ACE-88A8-A202E5C57849}.Release|Any CPU.Build.0 = Release|Any CPU
		{0B5B470D-45A4-4F6B-8DAD-D0116C40B6FB}.Debug|Any CPU.ActiveCfg = Debug|Any CPU
		{0B5B470D-45A4-4F6B-8DAD-D0116C40B6FB}.Debug|Any CPU.Build.0 = Debug|Any CPU
		{0B5B470D-45A4-4F6B-8DAD-D0116C40B6FB}.Release|Any CPU.ActiveCfg = Release|Any CPU
		{0B5B470D-45A4-4F6B-8DAD-D0116C40B6FB}.Release|Any CPU.Build.0 = Release|Any CPU
		{01B9D869-AF89-4919-8445-79206848FB5F}.Debug|Any CPU.ActiveCfg = Debug|Any CPU
		{01B9D869-AF89-4919-8445-79206848FB5F}.Debug|Any CPU.Build.0 = Debug|Any CPU
		{01B9D869-AF89-4919-8445-79206848FB5F}.Release|Any CPU.ActiveCfg = Release|Any CPU
		{01B9D869-AF89-4919-8445-79206848FB5F}.Release|Any CPU.Build.0 = Release|Any CPU
		{E657BF85-C23A-46DE-B837-6939D51C3321}.Debug|Any CPU.ActiveCfg = Debug|Any CPU
		{E657BF85-C23A-46DE-B837-6939D51C3321}.Debug|Any CPU.Build.0 = Debug|Any CPU
		{E657BF85-C23A-46DE-B837-6939D51C3321}.Release|Any CPU.ActiveCfg = Release|Any CPU
		{E657BF85-C23A-46DE-B837-6939D51C3321}.Release|Any CPU.Build.0 = Release|Any CPU
		{CDDB889F-3038-4796-95B1-47E1834DA93D}.Debug|Any CPU.ActiveCfg = Debug|Any CPU
		{CDDB889F-3038-4796-95B1-47E1834DA93D}.Debug|Any CPU.Build.0 = Debug|Any CPU
		{CDDB889F-3038-4796-95B1-47E1834DA93D}.Release|Any CPU.ActiveCfg = Release|Any CPU
		{CDDB889F-3038-4796-95B1-47E1834DA93D}.Release|Any CPU.Build.0 = Release|Any CPU
	EndGlobalSection
	GlobalSection(SolutionProperties) = preSolution
		HideSolutionNode = FALSE
	EndGlobalSection
	GlobalSection(NestedProjects) = preSolution
		{E3092EE0-1282-4AB4-9FA2-0338348D8FD1} = {3820200F-354C-41E6-8F34-B301F5D621C2}
		{89536824-683F-4351-8789-406D7BDD922D} = {3820200F-354C-41E6-8F34-B301F5D621C2}
		{454B2A43-8251-4667-8DE3-67E489908DB9} = {3820200F-354C-41E6-8F34-B301F5D621C2}
		{6F3B7F9A-4D9C-4506-A5F7-3FF5CF4376BD} = {3820200F-354C-41E6-8F34-B301F5D621C2}
		{2A63BD0A-9D07-4755-9B16-5DDBEB075B80} = {3820200F-354C-41E6-8F34-B301F5D621C2}
		{1DE3FDD3-D025-49D8-BEF4-D5F0688F89E8} = {3820200F-354C-41E6-8F34-B301F5D621C2}
		{D48DB558-0228-4ACE-88A8-A202E5C57849} = {3820200F-354C-41E6-8F34-B301F5D621C2}
		{0B5B470D-45A4-4F6B-8DAD-D0116C40B6FB} = {3820200F-354C-41E6-8F34-B301F5D621C2}
		{01B9D869-AF89-4919-8445-79206848FB5F} = {3820200F-354C-41E6-8F34-B301F5D621C2}
		{E657BF85-C23A-46DE-B837-6939D51C3321} = {3820200F-354C-41E6-8F34-B301F5D621C2}
		{CDDB889F-3038-4796-95B1-47E1834DA93D} = {3820200F-354C-41E6-8F34-B301F5D621C2}
	EndGlobalSection
EndGlobal
